
Microsoft Visual Studio Solution File, Format Version 12.00
# Visual Studio Version 16
VisualStudioVersion = 16.0.31911.196
MinimumVisualStudioVersion = 10.0.40219.1
Project("{FAE04EC0-301F-11D3-BF4B-00C04F79EFBC}") = "Collection1", "Collection1\Collection1.csproj", "{7C3E5AFB-635F-4669-9B5B-917955165322}"
EndProject
Global
	GlobalSection(SolutionConfigurationPlatforms) = preSolution
		Debug|Any CPU = Debug|Any CPU
		Release|Any CPU = Release|Any CPU
	EndGlobalSection
	GlobalSection(ProjectConfigurationPlatforms) = postSolution
		{7C3E5AFB-635F-4669-9B5B-917955165322}.Debug|Any CPU.ActiveCfg = Debug|Any CPU
		{7C3E5AFB-635F-4669-9B5B-917955165322}.Debug|Any CPU.Build.0 = Debug|Any CPU
		{7C3E5AFB-635F-4669-9B5B-917955165322}.Release|Any CPU.ActiveCfg = Release|Any CPU
		{7C3E5AFB-635F-4669-9B5B-917955165322}.Release|Any CPU.Build.0 = Release|Any CPU
	EndGlobalSection
	GlobalSection(SolutionProperties) = preSolution
		HideSolutionNode = FALSE
	EndGlobalSection
	GlobalSection(ExtensibilityGlobals) = postSolution
		SolutionGuid = {54419847-E77A-4367-B2DD-7A33AFA38D68}
	EndGlobalSection
EndGlobal
